
Microsoft Visual Studio Solution File, Format Version 12.00
# Visual Studio 14
VisualStudioVersion = 14.0.25420.1
MinimumVisualStudioVersion = 10.0.40219.1
Project("{FAE04EC0-301F-11D3-BF4B-00C04F79EFBC}") = "ITI.Gates.Console.DAL", "ITI.Gates.Console.DAL\ITI.Gates.Console.DAL.csproj", "{B702237E-39C3-4257-8D3D-C65D0BFBC647}"
EndProject
Project("{FAE04EC0-301F-11D3-BF4B-00C04F79EFBC}") = "ITI.Gates.Console.Service", "ITI.Gates.Console.Service\ITI.Gates.Console.Service.csproj", "{C68B6CFF-C834-4958-9744-CB6CD7E0C9A6}"
EndProject
Global
	GlobalSection(SolutionConfigurationPlatforms) = preSolution
		Debug|Any CPU = Debug|Any CPU
		Release|Any CPU = Release|Any CPU
	EndGlobalSection
	GlobalSection(ProjectConfigurationPlatforms) = postSolution
		{B702237E-39C3-4257-8D3D-C65D0BFBC647}.Debug|Any CPU.ActiveCfg = Debug|Any CPU
		{B702237E-39C3-4257-8D3D-C65D0BFBC647}.Debug|Any CPU.Build.0 = Debug|Any CPU
		{B702237E-39C3-4257-8D3D-C65D0BFBC647}.Release|Any CPU.ActiveCfg = Release|Any CPU
		{B702237E-39C3-4257-8D3D-C65D0BFBC647}.Release|Any CPU.Build.0 = Release|Any CPU
		{C68B6CFF-C834-4958-9744-CB6CD7E0C9A6}.Debug|Any CPU.ActiveCfg = Debug|Any CPU
		{C68B6CFF-C834-4958-9744-CB6CD7E0C9A6}.Debug|Any CPU.Build.0 = Debug|Any CPU
		{C68B6CFF-C834-4958-9744-CB6CD7E0C9A6}.Release|Any CPU.ActiveCfg = Release|Any CPU
		{C68B6CFF-C834-4958-9744-CB6CD7E0C9A6}.Release|Any CPU.Build.0 = Release|Any CPU
	EndGlobalSection
	GlobalSection(SolutionProperties) = preSolution
		HideSolutionNode = FALSE
	EndGlobalSection
EndGlobal
