
Microsoft Visual Studio Solution File, Format Version 12.00
# Visual Studio 14
VisualStudioVersion = 14.0.25420.1
MinimumVisualStudioVersion = 10.0.40219.1
Project("{FAE04EC0-301F-11D3-BF4B-00C04F79EFBC}") = "ITI.Gates.Console.Dll", "ITI.Gates.Console.Dll\ITI.Gates.Console.Dll.csproj", "{7C94A58B-B831-424F-9511-16180BFB880A}"
EndProject
Project("{FAE04EC0-301F-11D3-BF4B-00C04F79EFBC}") = "ITI.Gates.Console.IN", "ITI.Gates.Console.IN\ITI.Gates.Console.IN.csproj", "{2BE645F9-AF88-4D42-B805-DC0CE6D1C252}"
EndProject
Project("{FAE04EC0-301F-11D3-BF4B-00C04F79EFBC}") = "ITI.Gates.Console.OUT", "ITI.Gates.Console.OUT\ITI.Gates.Console.OUT.csproj", "{8D62A07F-6917-4331-89F0-906775D95645}"
EndProject
Global
	GlobalSection(SolutionConfigurationPlatforms) = preSolution
		Debug|Any CPU = Debug|Any CPU
		Release|Any CPU = Release|Any CPU
	EndGlobalSection
	GlobalSection(ProjectConfigurationPlatforms) = postSolution
		{7C94A58B-B831-424F-9511-16180BFB880A}.Debug|Any CPU.ActiveCfg = Debug|Any CPU
		{7C94A58B-B831-424F-9511-16180BFB880A}.Debug|Any CPU.Build.0 = Debug|Any CPU
		{7C94A58B-B831-424F-9511-16180BFB880A}.Release|Any CPU.ActiveCfg = Release|Any CPU
		{7C94A58B-B831-424F-9511-16180BFB880A}.Release|Any CPU.Build.0 = Release|Any CPU
		{2BE645F9-AF88-4D42-B805-DC0CE6D1C252}.Debug|Any CPU.ActiveCfg = Debug|Any CPU
		{2BE645F9-AF88-4D42-B805-DC0CE6D1C252}.Debug|Any CPU.Build.0 = Debug|Any CPU
		{2BE645F9-AF88-4D42-B805-DC0CE6D1C252}.Release|Any CPU.ActiveCfg = Release|Any CPU
		{2BE645F9-AF88-4D42-B805-DC0CE6D1C252}.Release|Any CPU.Build.0 = Release|Any CPU
		{8D62A07F-6917-4331-89F0-906775D95645}.Debug|Any CPU.ActiveCfg = Debug|Any CPU
		{8D62A07F-6917-4331-89F0-906775D95645}.Debug|Any CPU.Build.0 = Debug|Any CPU
		{8D62A07F-6917-4331-89F0-906775D95645}.Release|Any CPU.ActiveCfg = Release|Any CPU
		{8D62A07F-6917-4331-89F0-906775D95645}.Release|Any CPU.Build.0 = Release|Any CPU
	EndGlobalSection
	GlobalSection(SolutionProperties) = preSolution
		HideSolutionNode = FALSE
	EndGlobalSection
EndGlobal
